
Microsoft Visual Studio Solution File, Format Version 12.00
# Visual Studio Version 17
VisualStudioVersion = 17.3.32922.545
MinimumVisualStudioVersion = 10.0.40219.1
Project("{FAE04EC0-301F-11D3-BF4B-00C04F79EFBC}") = "EmployeeManager.WebAPI", "EmployeeManager.WebAPI\EmployeeManager.WebAPI.csproj", "{02930B38-3244-4FF9-A597-26D2196EF72A}"
EndProject
Global
	GlobalSection(SolutionConfigurationPlatforms) = preSolution
		Debug|Any CPU = Debug|Any CPU
		Release|Any CPU = Release|Any CPU
	EndGlobalSection
	GlobalSection(ProjectConfigurationPlatforms) = postSolution
		{02930B38-3244-4FF9-A597-26D2196EF72A}.Debug|Any CPU.ActiveCfg = Debug|Any CPU
		{02930B38-3244-4FF9-A597-26D2196EF72A}.Debug|Any CPU.Build.0 = Debug|Any CPU
		{02930B38-3244-4FF9-A597-26D2196EF72A}.Release|Any CPU.ActiveCfg = Release|Any CPU
		{02930B38-3244-4FF9-A597-26D2196EF72A}.Release|Any CPU.Build.0 = Release|Any CPU
	EndGlobalSection
	GlobalSection(SolutionProperties) = preSolution
		HideSolutionNode = FALSE
	EndGlobalSection
	GlobalSection(ExtensibilityGlobals) = postSolution
		SolutionGuid = {2181ECDD-71D8-4B66-B749-F6EEF402E2DC}
	EndGlobalSection
EndGlobal
